
Microsoft Visual Studio Solution File, Format Version 12.00
# Visual Studio Version 17
VisualStudioVersion = 17.12.35707.178
MinimumVisualStudioVersion = 10.0.40219.1
Project("{2150E333-8FDC-42A3-9474-1A3956D46DE8}") = "MediSyncHub.SharedKernel", "MediSyncHub.SharedKernel", "{8B357CC9-9118-4A69-B62D-641564AEB03A}"
EndProject
Project("{2150E333-8FDC-42A3-9474-1A3956D46DE8}") = "MediSyncHub.API", "MediSyncHub.API", "{1B6E7E55-FD2D-4162-B679-5A9733DF9CAC}"
EndProject
Project("{2150E333-8FDC-42A3-9474-1A3956D46DE8}") = "MediSyncHub.Modules", "MediSyncHub.Modules", "{86C1AEA6-B6D2-4BEF-BD5D-2A4ADC95CA4E}"
EndProject
Project("{2150E333-8FDC-42A3-9474-1A3956D46DE8}") = "Data", "Data", "{81E2B33F-22AA-4ED2-8ED1-0E26E93CF95C}"
EndProject
Project("{2150E333-8FDC-42A3-9474-1A3956D46DE8}") = "Business", "Business", "{3C311414-0F54-4CE7-93CC-5F0A84944244}"
EndProject
Project("{2150E333-8FDC-42A3-9474-1A3956D46DE8}") = "Presentation", "Presentation", "{1A039663-351C-4B97-9073-16B010C08381}"
EndProject
Project("{FAE04EC0-301F-11D3-BF4B-00C04F79EFBC}") = "MediSyncHub.SharedKernel", "MediSyncHub.SharedKernel\MediSyncHub.SharedKernel.csproj", "{976FB0E4-F07F-4D55-8456-175F9C5B6F4F}"
EndProject
Project("{FAE04EC0-301F-11D3-BF4B-00C04F79EFBC}") = "MediSyncHub.Bootstrapper", "MediSyncHub.API\MediSyncHub.Bootstrapper\MediSyncHub.Bootstrapper.csproj", "{094BABD5-D536-4F47-A63A-555B2DCA2BE7}"
EndProject
Project("{FAE04EC0-301F-11D3-BF4B-00C04F79EFBC}") = "MediSyncHub.Modules.DoctorAvailabilityModule.Data", "MediSyncHub.Modules\DoctorAvailabilityModule\Data\MediSyncHub.Modules.DoctorAvailabilityModule.Data\MediSyncHub.Modules.DoctorAvailabilityModule.Data.csproj", "{7A9ED0C3-2986-4A13-8187-EB8CF9D1903B}"
EndProject
Project("{FAE04EC0-301F-11D3-BF4B-00C04F79EFBC}") = "MediSyncHub.Modules.DoctorAvailabilityModule.Business", "MediSyncHub.Modules\DoctorAvailabilityModule\Business\MediSyncHub.Modules.DoctorAvailabilityModule.Business\MediSyncHub.Modules.DoctorAvailabilityModule.Business.csproj", "{DBF6B4EA-88F4-42EE-AAB2-0A2FE3946C36}"
EndProject
Project("{FAE04EC0-301F-11D3-BF4B-00C04F79EFBC}") = "MediSyncHub.Modules.DoctorAvailabilityModule.API", "MediSyncHub.Modules\DoctorAvailabilityModule\Presentation\MediSyncHub.Modules.DoctorAvailabilityModule.API\MediSyncHub.Modules.DoctorAvailabilityModule.API.csproj", "{EF718E5D-600E-4DA3-9520-46897D08FEB2}"
EndProject
Project("{E53339B2-1760-4266-BCC7-CA923CBCF16C}") = "docker-compose", "docker-compose.dcproj", "{F84D994F-7067-4D1C-B1C3-F609B3F0448D}"
EndProject
Global
	GlobalSection(SolutionConfigurationPlatforms) = preSolution
		Debug|Any CPU = Debug|Any CPU
		Release|Any CPU = Release|Any CPU
	EndGlobalSection
	GlobalSection(ProjectConfigurationPlatforms) = postSolution
		{976FB0E4-F07F-4D55-8456-175F9C5B6F4F}.Debug|Any CPU.ActiveCfg = Debug|Any CPU
		{976FB0E4-F07F-4D55-8456-175F9C5B6F4F}.Debug|Any CPU.Build.0 = Debug|Any CPU
		{976FB0E4-F07F-4D55-8456-175F9C5B6F4F}.Release|Any CPU.ActiveCfg = Release|Any CPU
		{976FB0E4-F07F-4D55-8456-175F9C5B6F4F}.Release|Any CPU.Build.0 = Release|Any CPU
		{094BABD5-D536-4F47-A63A-555B2DCA2BE7}.Debug|Any CPU.ActiveCfg = Debug|Any CPU
		{094BABD5-D536-4F47-A63A-555B2DCA2BE7}.Debug|Any CPU.Build.0 = Debug|Any CPU
		{094BABD5-D536-4F47-A63A-555B2DCA2BE7}.Release|Any CPU.ActiveCfg = Release|Any CPU
		{094BABD5-D536-4F47-A63A-555B2DCA2BE7}.Release|Any CPU.Build.0 = Release|Any CPU
		{7A9ED0C3-2986-4A13-8187-EB8CF9D1903B}.Debug|Any CPU.ActiveCfg = Debug|Any CPU
		{7A9ED0C3-2986-4A13-8187-EB8CF9D1903B}.Debug|Any CPU.Build.0 = Debug|Any CPU
		{7A9ED0C3-2986-4A13-8187-EB8CF9D1903B}.Release|Any CPU.ActiveCfg = Release|Any CPU
		{7A9ED0C3-2986-4A13-8187-EB8CF9D1903B}.Release|Any CPU.Build.0 = Release|Any CPU
		{DBF6B4EA-88F4-42EE-AAB2-0A2FE3946C36}.Debug|Any CPU.ActiveCfg = Debug|Any CPU
		{DBF6B4EA-88F4-42EE-AAB2-0A2FE3946C36}.Debug|Any CPU.Build.0 = Debug|Any CPU
		{DBF6B4EA-88F4-42EE-AAB2-0A2FE3946C36}.Release|Any CPU.ActiveCfg = Release|Any CPU
		{DBF6B4EA-88F4-42EE-AAB2-0A2FE3946C36}.Release|Any CPU.Build.0 = Release|Any CPU
		{EF718E5D-600E-4DA3-9520-46897D08FEB2}.Debug|Any CPU.ActiveCfg = Debug|Any CPU
		{EF718E5D-600E-4DA3-9520-46897D08FEB2}.Debug|Any CPU.Build.0 = Debug|Any CPU
		{EF718E5D-600E-4DA3-9520-46897D08FEB2}.Release|Any CPU.ActiveCfg = Release|Any CPU
		{EF718E5D-600E-4DA3-9520-46897D08FEB2}.Release|Any CPU.Build.0 = Release|Any CPU
		{F84D994F-7067-4D1C-B1C3-F609B3F0448D}.Debug|Any CPU.ActiveCfg = Debug|Any CPU
		{F84D994F-7067-4D1C-B1C3-F609B3F0448D}.Debug|Any CPU.Build.0 = Debug|Any CPU
		{F84D994F-7067-4D1C-B1C3-F609B3F0448D}.Release|Any CPU.ActiveCfg = Release|Any CPU
		{F84D994F-7067-4D1C-B1C3-F609B3F0448D}.Release|Any CPU.Build.0 = Release|Any CPU
	EndGlobalSection
	GlobalSection(SolutionProperties) = preSolution
		HideSolutionNode = FALSE
	EndGlobalSection
	GlobalSection(NestedProjects) = preSolution
		{81E2B33F-22AA-4ED2-8ED1-0E26E93CF95C} = {86C1AEA6-B6D2-4BEF-BD5D-2A4ADC95CA4E}
		{3C311414-0F54-4CE7-93CC-5F0A84944244} = {86C1AEA6-B6D2-4BEF-BD5D-2A4ADC95CA4E}
		{1A039663-351C-4B97-9073-16B010C08381} = {86C1AEA6-B6D2-4BEF-BD5D-2A4ADC95CA4E}
		{976FB0E4-F07F-4D55-8456-175F9C5B6F4F} = {8B357CC9-9118-4A69-B62D-641564AEB03A}
		{094BABD5-D536-4F47-A63A-555B2DCA2BE7} = {1B6E7E55-FD2D-4162-B679-5A9733DF9CAC}
		{7A9ED0C3-2986-4A13-8187-EB8CF9D1903B} = {81E2B33F-22AA-4ED2-8ED1-0E26E93CF95C}
		{DBF6B4EA-88F4-42EE-AAB2-0A2FE3946C36} = {3C311414-0F54-4CE7-93CC-5F0A84944244}
		{EF718E5D-600E-4DA3-9520-46897D08FEB2} = {1A039663-351C-4B97-9073-16B010C08381}
	EndGlobalSection
EndGlobal
