
Microsoft Visual Studio Solution File, Format Version 12.00
# Visual Studio Version 17
VisualStudioVersion = 17.12.35707.178
MinimumVisualStudioVersion = 10.0.40219.1
Project("{2150E333-8FDC-42A3-9474-1A3956D46DE8}") = "MediSyncHub.SharedKernel", "MediSyncHub.SharedKernel", "{8B357CC9-9118-4A69-B62D-641564AEB03A}"
EndProject
Project("{2150E333-8FDC-42A3-9474-1A3956D46DE8}") = "MediSyncHub.API", "MediSyncHub.API", "{1B6E7E55-FD2D-4162-B679-5A9733DF9CAC}"
EndProject
Project("{2150E333-8FDC-42A3-9474-1A3956D46DE8}") = "MediSyncHub.Modules", "MediSyncHub.Modules", "{86C1AEA6-B6D2-4BEF-BD5D-2A4ADC95CA4E}"
EndProject
Project("{2150E333-8FDC-42A3-9474-1A3956D46DE8}") = "Data", "Data", "{81E2B33F-22AA-4ED2-8ED1-0E26E93CF95C}"
EndProject
Project("{2150E333-8FDC-42A3-9474-1A3956D46DE8}") = "Business", "Business", "{3C311414-0F54-4CE7-93CC-5F0A84944244}"
EndProject
Project("{2150E333-8FDC-42A3-9474-1A3956D46DE8}") = "Presentation", "Presentation", "{1A039663-351C-4B97-9073-16B010C08381}"
EndProject
Project("{FAE04EC0-301F-11D3-BF4B-00C04F79EFBC}") = "MediSyncHub.SharedKernel", "MediSyncHub.SharedKernel\MediSyncHub.SharedKernel.csproj", "{976FB0E4-F07F-4D55-8456-175F9C5B6F4F}"
EndProject
Project("{FAE04EC0-301F-11D3-BF4B-00C04F79EFBC}") = "MediSyncHub.Bootstrapper", "MediSyncHub.API\MediSyncHub.Bootstrapper\MediSyncHub.Bootstrapper.csproj", "{094BABD5-D536-4F47-A63A-555B2DCA2BE7}"
EndProject
Project("{FAE04EC0-301F-11D3-BF4B-00C04F79EFBC}") = "DoctorAvailability.Data", "MediSyncHub.Modules\DoctorAvailability\Data\DoctorAvailability.Data\DoctorAvailability.Data.csproj", "{7A9ED0C3-2986-4A13-8187-EB8CF9D1903B}"
EndProject
Project("{FAE04EC0-301F-11D3-BF4B-00C04F79EFBC}") = "DoctorAvailability.Business", "MediSyncHub.Modules\DoctorAvailability\Business\DoctorAvailability.Business\DoctorAvailability.Business.csproj", "{DBF6B4EA-88F4-42EE-AAB2-0A2FE3946C36}"
EndProject
Project("{FAE04EC0-301F-11D3-BF4B-00C04F79EFBC}") = "DoctorAvailability.API", "MediSyncHub.Modules\DoctorAvailability\Presentation\DoctorAvailability.API\DoctorAvailability.API.csproj", "{EF718E5D-600E-4DA3-9520-46897D08FEB2}"
EndProject
Project("{E53339B2-1760-4266-BCC7-CA923CBCF16C}") = "docker-compose", "docker-compose.dcproj", "{F84D994F-7067-4D1C-B1C3-F609B3F0448D}"
EndProject
Project("{2150E333-8FDC-42A3-9474-1A3956D46DE8}") = "DoctorAvailability", "DoctorAvailability", "{0B8B0644-BD6D-4099-B447-DDAEF242150E}"
EndProject
Project("{2150E333-8FDC-42A3-9474-1A3956D46DE8}") = "AppointmentBooking", "AppointmentBooking", "{42A2648E-1C3E-4299-9C52-BF47387D4E5D}"
EndProject
Project("{2150E333-8FDC-42A3-9474-1A3956D46DE8}") = "Core", "Core", "{D4F8A2F4-6386-418D-92A7-137E9CA62971}"
EndProject
Project("{2150E333-8FDC-42A3-9474-1A3956D46DE8}") = "Application", "Application", "{9E6327D3-83D2-4340-AE36-B4FB733A1FB4}"
EndProject
Project("{2150E333-8FDC-42A3-9474-1A3956D46DE8}") = "Domain", "Domain", "{B47E35AF-AC78-4E6F-B893-1213A94747E9}"
EndProject
Project("{2150E333-8FDC-42A3-9474-1A3956D46DE8}") = "Infrastructure", "Infrastructure", "{3035810A-C947-4AB0-AD77-19E4AE0086E0}"
EndProject
Project("{2150E333-8FDC-42A3-9474-1A3956D46DE8}") = "Presentation", "Presentation", "{031C5F8D-D039-4830-B796-8DFBE0B470A6}"
EndProject
Project("{FAE04EC0-301F-11D3-BF4B-00C04F79EFBC}") = "AppointmentBooking.Application", "MediSyncHub.Modules\AppointmentBooking\Core\Application\AppointmentBooking.Application\AppointmentBooking.Application.csproj", "{B104D179-CD1D-47CE-B54D-888048F1123C}"
EndProject
Project("{FAE04EC0-301F-11D3-BF4B-00C04F79EFBC}") = "AppointmentBooking.Domain", "MediSyncHub.Modules\AppointmentBooking\Core\Domain\AppointmentBooking.Domain\AppointmentBooking.Domain.csproj", "{C40CFFB1-C393-4977-A54F-37E16E4A8179}"
EndProject
Project("{FAE04EC0-301F-11D3-BF4B-00C04F79EFBC}") = "AppointmentBooking.Infrastructure", "MediSyncHub.Modules\AppointmentBooking\Infrastructure\AppointmentBooking.Infrastructure\AppointmentBooking.Infrastructure.csproj", "{1112A8E0-EA26-41F1-B72D-964FA1A6A943}"
EndProject
Project("{FAE04EC0-301F-11D3-BF4B-00C04F79EFBC}") = "AppointmentBooking.Endpoints", "MediSyncHub.Modules\AppointmentBooking\Presentation\AppointmentBooking.Endpoints\AppointmentBooking.Endpoints.csproj", "{13E7F5C7-335B-49A8-96CF-F5A23F4D6EF2}"
EndProject
Project("{2150E333-8FDC-42A3-9474-1A3956D46DE8}") = "AppointmentConfirmation", "AppointmentConfirmation", "{75E6898F-3A9F-4F82-A4D3-556B2B45D07F}"
EndProject
Project("{FAE04EC0-301F-11D3-BF4B-00C04F79EFBC}") = "AppointmentConfirmation.DAL", "MediSyncHub.Modules\AppointmentConfirmation\DAL\AppointmentConfirmation.DAL\AppointmentConfirmation.DAL.csproj", "{4401B853-060E-4A04-9DAE-C10A161A6EE0}"
EndProject
Project("{2150E333-8FDC-42A3-9474-1A3956D46DE8}") = "DAL", "DAL", "{B39296B8-A1C0-4FD5-98B6-6876977ACE1F}"
EndProject
Project("{2150E333-8FDC-42A3-9474-1A3956D46DE8}") = "Services", "Services", "{1C0037E5-9383-4BB9-AE66-B4201046E1A6}"
EndProject
Project("{FAE04EC0-301F-11D3-BF4B-00C04F79EFBC}") = "AppointmentConfirmation.Services", "MediSyncHub.Modules\AppointmentConfirmation\Services\AppointmentConfirmation.Services\AppointmentConfirmation.Services.csproj", "{04CE9938-2EEA-40B9-B5A7-8829D2294B77}"
EndProject
Project("{2150E333-8FDC-42A3-9474-1A3956D46DE8}") = "AppointmentManagement", "AppointmentManagement", "{EC39C2B3-E15C-409E-BC9E-278A5F7D20CE}"
EndProject
Project("{2150E333-8FDC-42A3-9474-1A3956D46DE8}") = "Core", "Core", "{C90C6F64-2AE9-4167-A355-2008CF195B4B}"
EndProject
Project("{2150E333-8FDC-42A3-9474-1A3956D46DE8}") = "Domain", "Domain", "{ED2C53AA-F195-4487-9727-A38897B7FFF4}"
EndProject
Project("{2150E333-8FDC-42A3-9474-1A3956D46DE8}") = "Application", "Application", "{165A67FB-EA47-447F-A02F-2F1545F72D19}"
EndProject
Project("{2150E333-8FDC-42A3-9474-1A3956D46DE8}") = "Shell", "Shell", "{CD3B7452-1790-46C4-AA88-59592B298AD3}"
EndProject
Project("{2150E333-8FDC-42A3-9474-1A3956D46DE8}") = "Infrastructure", "Infrastructure", "{A7509ED3-9E39-4D5F-A851-B7E27DD15733}"
EndProject
Project("{FAE04EC0-301F-11D3-BF4B-00C04F79EFBC}") = "AppointmentManagement.Core.Domain", "MediSyncHub.Modules\AppointmentManagment\Core\Domain\Application\AppointmentManagement.Core.Domain\AppointmentManagement.Core.Domain.csproj", "{F9A85E72-B295-4D72-968F-AA5D6F3CDE4B}"
EndProject
Project("{FAE04EC0-301F-11D3-BF4B-00C04F79EFBC}") = "AppointmentManagement.Core.Application", "MediSyncHub.Modules\AppointmentManagment\Core\Application\AppointmentManagement.Core.Application\AppointmentManagement.Core.Application.csproj", "{447F81EC-A1BC-43DE-9814-20CA5CFAA982}"
EndProject
Project("{FAE04EC0-301F-11D3-BF4B-00C04F79EFBC}") = "AppointmentManagement.Shell.Infrastructure", "MediSyncHub.Modules\AppointmentManagment\Shell\Infrastructure\AppointmentManagement.Shell.Infrastructure\AppointmentManagement.Shell.Infrastructure.csproj", "{77A08852-E352-46D7-A6EE-B94EBE33149B}"
EndProject
Project("{2150E333-8FDC-42A3-9474-1A3956D46DE8}") = "Presentation", "Presentation", "{95755EB9-D882-4E9B-9AB8-5DBE75BB7A2B}"
EndProject
Project("{FAE04EC0-301F-11D3-BF4B-00C04F79EFBC}") = "AppointmentManagement.Shell.Presentation.API", "AppointmentManagement.Shell.Presentation.API\AppointmentManagement.Shell.Presentation.API.csproj", "{681017CA-2614-4728-8E57-1F40C79498F8}"
EndProject
Global
	GlobalSection(SolutionConfigurationPlatforms) = preSolution
		Debug|Any CPU = Debug|Any CPU
		Release|Any CPU = Release|Any CPU
	EndGlobalSection
	GlobalSection(ProjectConfigurationPlatforms) = postSolution
		{976FB0E4-F07F-4D55-8456-175F9C5B6F4F}.Debug|Any CPU.ActiveCfg = Debug|Any CPU
		{976FB0E4-F07F-4D55-8456-175F9C5B6F4F}.Debug|Any CPU.Build.0 = Debug|Any CPU
		{976FB0E4-F07F-4D55-8456-175F9C5B6F4F}.Release|Any CPU.ActiveCfg = Release|Any CPU
		{976FB0E4-F07F-4D55-8456-175F9C5B6F4F}.Release|Any CPU.Build.0 = Release|Any CPU
		{094BABD5-D536-4F47-A63A-555B2DCA2BE7}.Debug|Any CPU.ActiveCfg = Debug|Any CPU
		{094BABD5-D536-4F47-A63A-555B2DCA2BE7}.Debug|Any CPU.Build.0 = Debug|Any CPU
		{094BABD5-D536-4F47-A63A-555B2DCA2BE7}.Release|Any CPU.ActiveCfg = Release|Any CPU
		{094BABD5-D536-4F47-A63A-555B2DCA2BE7}.Release|Any CPU.Build.0 = Release|Any CPU
		{7A9ED0C3-2986-4A13-8187-EB8CF9D1903B}.Debug|Any CPU.ActiveCfg = Debug|Any CPU
		{7A9ED0C3-2986-4A13-8187-EB8CF9D1903B}.Debug|Any CPU.Build.0 = Debug|Any CPU
		{7A9ED0C3-2986-4A13-8187-EB8CF9D1903B}.Release|Any CPU.ActiveCfg = Release|Any CPU
		{7A9ED0C3-2986-4A13-8187-EB8CF9D1903B}.Release|Any CPU.Build.0 = Release|Any CPU
		{DBF6B4EA-88F4-42EE-AAB2-0A2FE3946C36}.Debug|Any CPU.ActiveCfg = Debug|Any CPU
		{DBF6B4EA-88F4-42EE-AAB2-0A2FE3946C36}.Debug|Any CPU.Build.0 = Debug|Any CPU
		{DBF6B4EA-88F4-42EE-AAB2-0A2FE3946C36}.Release|Any CPU.ActiveCfg = Release|Any CPU
		{DBF6B4EA-88F4-42EE-AAB2-0A2FE3946C36}.Release|Any CPU.Build.0 = Release|Any CPU
		{EF718E5D-600E-4DA3-9520-46897D08FEB2}.Debug|Any CPU.ActiveCfg = Debug|Any CPU
		{EF718E5D-600E-4DA3-9520-46897D08FEB2}.Debug|Any CPU.Build.0 = Debug|Any CPU
		{EF718E5D-600E-4DA3-9520-46897D08FEB2}.Release|Any CPU.ActiveCfg = Release|Any CPU
		{EF718E5D-600E-4DA3-9520-46897D08FEB2}.Release|Any CPU.Build.0 = Release|Any CPU
		{F84D994F-7067-4D1C-B1C3-F609B3F0448D}.Debug|Any CPU.ActiveCfg = Debug|Any CPU
		{F84D994F-7067-4D1C-B1C3-F609B3F0448D}.Debug|Any CPU.Build.0 = Debug|Any CPU
		{F84D994F-7067-4D1C-B1C3-F609B3F0448D}.Release|Any CPU.ActiveCfg = Release|Any CPU
		{F84D994F-7067-4D1C-B1C3-F609B3F0448D}.Release|Any CPU.Build.0 = Release|Any CPU
		{B104D179-CD1D-47CE-B54D-888048F1123C}.Debug|Any CPU.ActiveCfg = Debug|Any CPU
		{B104D179-CD1D-47CE-B54D-888048F1123C}.Debug|Any CPU.Build.0 = Debug|Any CPU
		{B104D179-CD1D-47CE-B54D-888048F1123C}.Release|Any CPU.ActiveCfg = Release|Any CPU
		{B104D179-CD1D-47CE-B54D-888048F1123C}.Release|Any CPU.Build.0 = Release|Any CPU
		{C40CFFB1-C393-4977-A54F-37E16E4A8179}.Debug|Any CPU.ActiveCfg = Debug|Any CPU
		{C40CFFB1-C393-4977-A54F-37E16E4A8179}.Debug|Any CPU.Build.0 = Debug|Any CPU
		{C40CFFB1-C393-4977-A54F-37E16E4A8179}.Release|Any CPU.ActiveCfg = Release|Any CPU
		{C40CFFB1-C393-4977-A54F-37E16E4A8179}.Release|Any CPU.Build.0 = Release|Any CPU
		{1112A8E0-EA26-41F1-B72D-964FA1A6A943}.Debug|Any CPU.ActiveCfg = Debug|Any CPU
		{1112A8E0-EA26-41F1-B72D-964FA1A6A943}.Debug|Any CPU.Build.0 = Debug|Any CPU
		{1112A8E0-EA26-41F1-B72D-964FA1A6A943}.Release|Any CPU.ActiveCfg = Release|Any CPU
		{1112A8E0-EA26-41F1-B72D-964FA1A6A943}.Release|Any CPU.Build.0 = Release|Any CPU
		{13E7F5C7-335B-49A8-96CF-F5A23F4D6EF2}.Debug|Any CPU.ActiveCfg = Debug|Any CPU
		{13E7F5C7-335B-49A8-96CF-F5A23F4D6EF2}.Debug|Any CPU.Build.0 = Debug|Any CPU
		{13E7F5C7-335B-49A8-96CF-F5A23F4D6EF2}.Release|Any CPU.ActiveCfg = Release|Any CPU
		{13E7F5C7-335B-49A8-96CF-F5A23F4D6EF2}.Release|Any CPU.Build.0 = Release|Any CPU
		{4401B853-060E-4A04-9DAE-C10A161A6EE0}.Debug|Any CPU.ActiveCfg = Debug|Any CPU
		{4401B853-060E-4A04-9DAE-C10A161A6EE0}.Debug|Any CPU.Build.0 = Debug|Any CPU
		{4401B853-060E-4A04-9DAE-C10A161A6EE0}.Release|Any CPU.ActiveCfg = Release|Any CPU
		{4401B853-060E-4A04-9DAE-C10A161A6EE0}.Release|Any CPU.Build.0 = Release|Any CPU
		{04CE9938-2EEA-40B9-B5A7-8829D2294B77}.Debug|Any CPU.ActiveCfg = Debug|Any CPU
		{04CE9938-2EEA-40B9-B5A7-8829D2294B77}.Debug|Any CPU.Build.0 = Debug|Any CPU
		{04CE9938-2EEA-40B9-B5A7-8829D2294B77}.Release|Any CPU.ActiveCfg = Release|Any CPU
		{04CE9938-2EEA-40B9-B5A7-8829D2294B77}.Release|Any CPU.Build.0 = Release|Any CPU
		{F9A85E72-B295-4D72-968F-AA5D6F3CDE4B}.Debug|Any CPU.ActiveCfg = Debug|Any CPU
		{F9A85E72-B295-4D72-968F-AA5D6F3CDE4B}.Debug|Any CPU.Build.0 = Debug|Any CPU
		{F9A85E72-B295-4D72-968F-AA5D6F3CDE4B}.Release|Any CPU.ActiveCfg = Release|Any CPU
		{F9A85E72-B295-4D72-968F-AA5D6F3CDE4B}.Release|Any CPU.Build.0 = Release|Any CPU
		{447F81EC-A1BC-43DE-9814-20CA5CFAA982}.Debug|Any CPU.ActiveCfg = Debug|Any CPU
		{447F81EC-A1BC-43DE-9814-20CA5CFAA982}.Debug|Any CPU.Build.0 = Debug|Any CPU
		{447F81EC-A1BC-43DE-9814-20CA5CFAA982}.Release|Any CPU.ActiveCfg = Release|Any CPU
		{447F81EC-A1BC-43DE-9814-20CA5CFAA982}.Release|Any CPU.Build.0 = Release|Any CPU
		{77A08852-E352-46D7-A6EE-B94EBE33149B}.Debug|Any CPU.ActiveCfg = Debug|Any CPU
		{77A08852-E352-46D7-A6EE-B94EBE33149B}.Debug|Any CPU.Build.0 = Debug|Any CPU
		{77A08852-E352-46D7-A6EE-B94EBE33149B}.Release|Any CPU.ActiveCfg = Release|Any CPU
		{77A08852-E352-46D7-A6EE-B94EBE33149B}.Release|Any CPU.Build.0 = Release|Any CPU
		{681017CA-2614-4728-8E57-1F40C79498F8}.Debug|Any CPU.ActiveCfg = Debug|Any CPU
		{681017CA-2614-4728-8E57-1F40C79498F8}.Debug|Any CPU.Build.0 = Debug|Any CPU
		{681017CA-2614-4728-8E57-1F40C79498F8}.Release|Any CPU.ActiveCfg = Release|Any CPU
		{681017CA-2614-4728-8E57-1F40C79498F8}.Release|Any CPU.Build.0 = Release|Any CPU
	EndGlobalSection
	GlobalSection(SolutionProperties) = preSolution
		HideSolutionNode = FALSE
	EndGlobalSection
	GlobalSection(NestedProjects) = preSolution
		{81E2B33F-22AA-4ED2-8ED1-0E26E93CF95C} = {0B8B0644-BD6D-4099-B447-DDAEF242150E}
		{3C311414-0F54-4CE7-93CC-5F0A84944244} = {0B8B0644-BD6D-4099-B447-DDAEF242150E}
		{1A039663-351C-4B97-9073-16B010C08381} = {0B8B0644-BD6D-4099-B447-DDAEF242150E}
		{976FB0E4-F07F-4D55-8456-175F9C5B6F4F} = {8B357CC9-9118-4A69-B62D-641564AEB03A}
		{094BABD5-D536-4F47-A63A-555B2DCA2BE7} = {1B6E7E55-FD2D-4162-B679-5A9733DF9CAC}
		{7A9ED0C3-2986-4A13-8187-EB8CF9D1903B} = {81E2B33F-22AA-4ED2-8ED1-0E26E93CF95C}
		{DBF6B4EA-88F4-42EE-AAB2-0A2FE3946C36} = {3C311414-0F54-4CE7-93CC-5F0A84944244}
		{EF718E5D-600E-4DA3-9520-46897D08FEB2} = {1A039663-351C-4B97-9073-16B010C08381}
		{0B8B0644-BD6D-4099-B447-DDAEF242150E} = {86C1AEA6-B6D2-4BEF-BD5D-2A4ADC95CA4E}
		{42A2648E-1C3E-4299-9C52-BF47387D4E5D} = {86C1AEA6-B6D2-4BEF-BD5D-2A4ADC95CA4E}
		{D4F8A2F4-6386-418D-92A7-137E9CA62971} = {42A2648E-1C3E-4299-9C52-BF47387D4E5D}
		{9E6327D3-83D2-4340-AE36-B4FB733A1FB4} = {D4F8A2F4-6386-418D-92A7-137E9CA62971}
		{B47E35AF-AC78-4E6F-B893-1213A94747E9} = {D4F8A2F4-6386-418D-92A7-137E9CA62971}
		{3035810A-C947-4AB0-AD77-19E4AE0086E0} = {42A2648E-1C3E-4299-9C52-BF47387D4E5D}
		{031C5F8D-D039-4830-B796-8DFBE0B470A6} = {42A2648E-1C3E-4299-9C52-BF47387D4E5D}
		{B104D179-CD1D-47CE-B54D-888048F1123C} = {9E6327D3-83D2-4340-AE36-B4FB733A1FB4}
		{C40CFFB1-C393-4977-A54F-37E16E4A8179} = {B47E35AF-AC78-4E6F-B893-1213A94747E9}
		{1112A8E0-EA26-41F1-B72D-964FA1A6A943} = {3035810A-C947-4AB0-AD77-19E4AE0086E0}
		{13E7F5C7-335B-49A8-96CF-F5A23F4D6EF2} = {031C5F8D-D039-4830-B796-8DFBE0B470A6}
		{75E6898F-3A9F-4F82-A4D3-556B2B45D07F} = {86C1AEA6-B6D2-4BEF-BD5D-2A4ADC95CA4E}
		{4401B853-060E-4A04-9DAE-C10A161A6EE0} = {B39296B8-A1C0-4FD5-98B6-6876977ACE1F}
		{B39296B8-A1C0-4FD5-98B6-6876977ACE1F} = {75E6898F-3A9F-4F82-A4D3-556B2B45D07F}
		{1C0037E5-9383-4BB9-AE66-B4201046E1A6} = {75E6898F-3A9F-4F82-A4D3-556B2B45D07F}
		{04CE9938-2EEA-40B9-B5A7-8829D2294B77} = {1C0037E5-9383-4BB9-AE66-B4201046E1A6}
		{EC39C2B3-E15C-409E-BC9E-278A5F7D20CE} = {86C1AEA6-B6D2-4BEF-BD5D-2A4ADC95CA4E}
		{C90C6F64-2AE9-4167-A355-2008CF195B4B} = {EC39C2B3-E15C-409E-BC9E-278A5F7D20CE}
		{ED2C53AA-F195-4487-9727-A38897B7FFF4} = {C90C6F64-2AE9-4167-A355-2008CF195B4B}
		{165A67FB-EA47-447F-A02F-2F1545F72D19} = {C90C6F64-2AE9-4167-A355-2008CF195B4B}
		{CD3B7452-1790-46C4-AA88-59592B298AD3} = {EC39C2B3-E15C-409E-BC9E-278A5F7D20CE}
		{A7509ED3-9E39-4D5F-A851-B7E27DD15733} = {CD3B7452-1790-46C4-AA88-59592B298AD3}
		{F9A85E72-B295-4D72-968F-AA5D6F3CDE4B} = {ED2C53AA-F195-4487-9727-A38897B7FFF4}
		{447F81EC-A1BC-43DE-9814-20CA5CFAA982} = {165A67FB-EA47-447F-A02F-2F1545F72D19}
		{77A08852-E352-46D7-A6EE-B94EBE33149B} = {A7509ED3-9E39-4D5F-A851-B7E27DD15733}
		{95755EB9-D882-4E9B-9AB8-5DBE75BB7A2B} = {CD3B7452-1790-46C4-AA88-59592B298AD3}
		{681017CA-2614-4728-8E57-1F40C79498F8} = {95755EB9-D882-4E9B-9AB8-5DBE75BB7A2B}
	EndGlobalSection
EndGlobal
